
Microsoft Visual Studio Solution File, Format Version 12.00
# Visual Studio Version 17
VisualStudioVersion = 17.1.32407.343
MinimumVisualStudioVersion = 10.0.40219.1
Project("{FAE04EC0-301F-11D3-BF4B-00C04F79EFBC}") = "IniChain", "IniChain\IniChain.csproj", "{23BE452F-9940-4EDA-81EC-AA03089BB088}"
EndProject
Global
	GlobalSection(SolutionConfigurationPlatforms) = preSolution
		Debug|Any CPU = Debug|Any CPU
		Release|Any CPU = Release|Any CPU
	EndGlobalSection
	GlobalSection(ProjectConfigurationPlatforms) = postSolution
		{23BE452F-9940-4EDA-81EC-AA03089BB088}.Debug|Any CPU.ActiveCfg = Debug|Any CPU
		{23BE452F-9940-4EDA-81EC-AA03089BB088}.Debug|Any CPU.Build.0 = Debug|Any CPU
		{23BE452F-9940-4EDA-81EC-AA03089BB088}.Release|Any CPU.ActiveCfg = Release|Any CPU
		{23BE452F-9940-4EDA-81EC-AA03089BB088}.Release|Any CPU.Build.0 = Release|Any CPU
	EndGlobalSection
	GlobalSection(SolutionProperties) = preSolution
		HideSolutionNode = FALSE
	EndGlobalSection
	GlobalSection(ExtensibilityGlobals) = postSolution
		SolutionGuid = {F78871AF-1B16-4570-8376-A62E887778BC}
	EndGlobalSection
EndGlobal
